github.com/DataDog/mmh3 v0.0.0-20200805151601-30884ca2197a h1:m9REhmyaWD5YJ0P53ygRHxKKo+KM+nw+zz0hEdKztMo=
github.com/DataDog/mmh3 v0.0.0-20200805151601-30884ca2197a/go.mod h1:SvsjzyJlSg0rKsqYgdcFxeEVflx3ZNAyFfkUHP0TxXg=
github.com/roberson-io/mmh3 v0.0.0-20190729202758-fdfce3ba6225 h1:ZMsPCp7oYgjoIFt1c+sM2qojxZXotSYcMF8Ur9/LJlM=
github.com/roberson-io/mmh3 v0.0.0-20190729202758-fdfce3ba6225/go.mod h1:XEESr+X1SY8ZSuc3jqsTlb3clCkqQJ4DcF3Qxv1N3PM=
golang.org/x/text v0.0.0-20170915032832-14c0d48ead0c h1:qgOY6WgZOaTkIIMiVjBQcw93ERBE4m30iBm00nkL0i8=
golang.org/x/text v0.0.0-20170915032832-14c0d48ead0c/go.mod h1:NqM8EUOU14njkJ3fqMW+pc6Ldnwhi/IjpwHt7yyuwOQ=
rsc.io/quote v1.5.2 h1:w5fcysjrx7yqtD/aO+QwRjYZOKnaM9Uh2b40tElTs3Y=
rsc.io/quote v1.5.2/go.mod h1:LzX7hefJvL54yjefDEDHNONDjII0t9xZLPXsUe+TKr0=
rsc.io/sampler v1.3.0 h1:7uVkIFmeBqHfdjD+gZwtXXI+RODJ2Wc4O7MPEh/QiW4=
rsc.io/sampler v1.3.0/go.mod h1:T1hPZKmBbMNahiBKFy5HrXp6adAjACjK9JXDnKaTXpA=
